symfony v2.0.12
twig v1.6.2
monolog 1.0.2
doctrine-common 2.1.4
doctrine-dbal 2.1.6
doctrine 2.1.6
swiftmailer v4.1.5
assetic v1.0.3
twig-extensions 446d870272cd87a720e95242eade38a2acf56eaa
metadata 1.0.0
SensioFrameworkExtraBundle 638f545b7020b9e9d5944a7e3167f60ed848250d
JMSSecurityExtraBundle e752f888c51425f71382c056961f10f2be642102
SensioDistributionBundle 20b66a408084ad8752f98e50f10533f5245310bf
SensioGeneratorBundle b1ccb78c1743f30817b0fce9bb5c6baff6ed7bf8
AsseticBundle v1.0.1
doctrine-fixtures 8fb90c55c0bfbf4e090adb8c0281f9a3c81735e7
DoctrineFixturesBundle a66be2f077f3a4e5c3801b356b42b8782f1abbd6
doctrine-migrations 9e81984b0f126b0830d9ac6acc2d1da81aba2b94
DoctrineMigrationsBundle dd9a336c574301b0b6a7e82a0865cab3d4d95503
Imagine 47141713a51cc449510eab621896031953896bf8
AvalancheImagineBundle 29c5338cc9c7177d71dd51e8c3ab9652479e6ff4
MopaBootstrapBundle 5e1c078f4eb420588727104cc2d855203204e9bf
TwitterBootstrap2 v2.0.0
